
Microsoft Visual Studio Solution File, Format Version 12.00
# Visual Studio Version 16
VisualStudioVersion = 16.0.31112.23
MinimumVisualStudioVersion = 10.0.40219.1
Project("{FAE04EC0-301F-11D3-BF4B-00C04F79EFBC}") = "MyApp.Android", "MyApp.Android\MyApp.Android.csproj", "{EB0D86CA-C951-4B9C-BC7F-B953A17792D2}"
EndProject
Project("{FAE04EC0-301F-11D3-BF4B-00C04F79EFBC}") = "MyApp.iOS", "MyApp.iOS\MyApp.iOS.csproj", "{9F56536D-3321-4818-A5E4-BF6219D90A59}"
EndProject
Project("{FAE04EC0-301F-11D3-BF4B-00C04F79EFBC}") = "MyApp", "MyApp\MyApp.csproj", "{50C4F0A6-E0A6-4A8D-9941-6C8EF784866A}"
EndProject
Global
	GlobalSection(SolutionConfigurationPlatforms) = preSolution
		Debug|Any CPU = Debug|Any CPU
		Debug|iPhone = Debug|iPhone
		Debug|iPhoneSimulator = Debug|iPhoneSimulator
		Release|Any CPU = Release|Any CPU
		Release|iPhone = Release|iPhone
		Release|iPhoneSimulator = Release|iPhoneSimulator
	EndGlobalSection
	GlobalSection(ProjectConfigurationPlatforms) = postSolution
		{EB0D86CA-C951-4B9C-BC7F-B953A17792D2}.Debug|Any CPU.ActiveCfg = Debug|Any CPU
		{EB0D86CA-C951-4B9C-BC7F-B953A17792D2}.Debug|Any CPU.Build.0 = Debug|Any CPU
		{EB0D86CA-C951-4B9C-BC7F-B953A17792D2}.Debug|Any CPU.Deploy.0 = Debug|Any CPU
		{EB0D86CA-C951-4B9C-BC7F-B953A17792D2}.Debug|iPhone.ActiveCfg = Debug|Any CPU
		{EB0D86CA-C951-4B9C-BC7F-B953A17792D2}.Debug|iPhone.Build.0 = Debug|Any CPU
		{EB0D86CA-C951-4B9C-BC7F-B953A17792D2}.Debug|iPhone.Deploy.0 = Debug|Any CPU
		{EB0D86CA-C951-4B9C-BC7F-B953A17792D2}.Debug|iPhoneSimulator.ActiveCfg = Debug|Any CPU
		{EB0D86CA-C951-4B9C-BC7F-B953A17792D2}.Debug|iPhoneSimulator.Build.0 = Debug|Any CPU
		{EB0D86CA-C951-4B9C-BC7F-B953A17792D2}.Debug|iPhoneSimulator.Deploy.0 = Debug|Any CPU
		{EB0D86CA-C951-4B9C-BC7F-B953A17792D2}.Release|Any CPU.ActiveCfg = Release|Any CPU
		{EB0D86CA-C951-4B9C-BC7F-B953A17792D2}.Release|Any CPU.Build.0 = Release|Any CPU
		{EB0D86CA-C951-4B9C-BC7F-B953A17792D2}.Release|Any CPU.Deploy.0 = Release|Any CPU
		{EB0D86CA-C951-4B9C-BC7F-B953A17792D2}.Release|iPhone.ActiveCfg = Release|Any CPU
		{EB0D86CA-C951-4B9C-BC7F-B953A17792D2}.Release|iPhone.Build.0 = Release|Any CPU
		{EB0D86CA-C951-4B9C-BC7F-B953A17792D2}.Release|iPhone.Deploy.0 = Release|Any CPU
		{EB0D86CA-C951-4B9C-BC7F-B953A17792D2}.Release|iPhoneSimulator.ActiveCfg = Release|Any CPU
		{EB0D86CA-C951-4B9C-BC7F-B953A17792D2}.Release|iPhoneSimulator.Build.0 = Release|Any CPU
		{EB0D86CA-C951-4B9C-BC7F-B953A17792D2}.Release|iPhoneSimulator.Deploy.0 = Release|Any CPU
		{9F56536D-3321-4818-A5E4-BF6219D90A59}.Debug|Any CPU.ActiveCfg = Debug|iPhone
		{9F56536D-3321-4818-A5E4-BF6219D90A59}.Debug|Any CPU.Build.0 = Debug|iPhone
		{9F56536D-3321-4818-A5E4-BF6219D90A59}.Debug|Any CPU.Deploy.0 = Debug|iPhone
		{9F56536D-3321-4818-A5E4-BF6219D90A59}.Debug|iPhone.ActiveCfg = Debug|iPhone
		{9F56536D-3321-4818-A5E4-BF6219D90A59}.Debug|iPhone.Build.0 = Debug|iPhone
		{9F56536D-3321-4818-A5E4-BF6219D90A59}.Debug|iPhone.Deploy.0 = Debug|iPhone
		{9F56536D-3321-4818-A5E4-BF6219D90A59}.Debug|iPhoneSimulator.ActiveCfg = Debug|iPhoneSimulator
		{9F56536D-3321-4818-A5E4-BF6219D90A59}.Debug|iPhoneSimulator.Build.0 = Debug|iPhoneSimulator
		{9F56536D-3321-4818-A5E4-BF6219D90A59}.Debug|iPhoneSimulator.Deploy.0 = Debug|iPhoneSimulator
		{9F56536D-3321-4818-A5E4-BF6219D90A59}.Release|Any CPU.ActiveCfg = Release|iPhoneSimulator
		{9F56536D-3321-4818-A5E4-BF6219D90A59}.Release|Any CPU.Build.0 = Release|iPhoneSimulator
		{9F56536D-3321-4818-A5E4-BF6219D90A59}.Release|Any CPU.Deploy.0 = Release|iPhoneSimulator
		{9F56536D-3321-4818-A5E4-BF6219D90A59}.Release|iPhone.ActiveCfg = Release|iPhone
		{9F56536D-3321-4818-A5E4-BF6219D90A59}.Release|iPhone.Build.0 = Release|iPhone
		{9F56536D-3321-4818-A5E4-BF6219D90A59}.Release|iPhone.Deploy.0 = Release|iPhone
		{9F56536D-3321-4818-A5E4-BF6219D90A59}.Release|iPhoneSimulator.ActiveCfg = Release|iPhoneSimulator
		{9F56536D-3321-4818-A5E4-BF6219D90A59}.Release|iPhoneSimulator.Build.0 = Release|iPhoneSimulator
		{9F56536D-3321-4818-A5E4-BF6219D90A59}.Release|iPhoneSimulator.Deploy.0 = Release|iPhoneSimulator
		{50C4F0A6-E0A6-4A8D-9941-6C8EF784866A}.Debug|Any CPU.ActiveCfg = Debug|Any CPU
		{50C4F0A6-E0A6-4A8D-9941-6C8EF784866A}.Debug|Any CPU.Build.0 = Debug|Any CPU
		{50C4F0A6-E0A6-4A8D-9941-6C8EF784866A}.Debug|Any CPU.Deploy.0 = Debug|Any CPU
		{50C4F0A6-E0A6-4A8D-9941-6C8EF784866A}.Debug|iPhone.ActiveCfg = Debug|Any CPU
		{50C4F0A6-E0A6-4A8D-9941-6C8EF784866A}.Debug|iPhone.Build.0 = Debug|Any CPU
		{50C4F0A6-E0A6-4A8D-9941-6C8EF784866A}.Debug|iPhone.Deploy.0 = Debug|Any CPU
		{50C4F0A6-E0A6-4A8D-9941-6C8EF784866A}.Debug|iPhoneSimulator.ActiveCfg = Debug|Any CPU
		{50C4F0A6-E0A6-4A8D-9941-6C8EF784866A}.Debug|iPhoneSimulator.Build.0 = Debug|Any CPU
		{50C4F0A6-E0A6-4A8D-9941-6C8EF784866A}.Debug|iPhoneSimulator.Deploy.0 = Debug|Any CPU
		{50C4F0A6-E0A6-4A8D-9941-6C8EF784866A}.Release|Any CPU.ActiveCfg = Release|Any CPU
		{50C4F0A6-E0A6-4A8D-9941-6C8EF784866A}.Release|Any CPU.Build.0 = Release|Any CPU
		{50C4F0A6-E0A6-4A8D-9941-6C8EF784866A}.Release|Any CPU.Deploy.0 = Release|Any CPU
		{50C4F0A6-E0A6-4A8D-9941-6C8EF784866A}.Release|iPhone.ActiveCfg = Release|Any CPU
		{50C4F0A6-E0A6-4A8D-9941-6C8EF784866A}.Release|iPhone.Build.0 = Release|Any CPU
		{50C4F0A6-E0A6-4A8D-9941-6C8EF784866A}.Release|iPhone.Deploy.0 = Release|Any CPU
		{50C4F0A6-E0A6-4A8D-9941-6C8EF784866A}.Release|iPhoneSimulator.ActiveCfg = Release|Any CPU
		{50C4F0A6-E0A6-4A8D-9941-6C8EF784866A}.Release|iPhoneSimulator.Build.0 = Release|Any CPU
		{50C4F0A6-E0A6-4A8D-9941-6C8EF784866A}.Release|iPhoneSimulator.Deploy.0 = Release|Any CPU
	EndGlobalSection
	GlobalSection(SolutionProperties) = preSolution
		HideSolutionNode = FALSE
	EndGlobalSection
	GlobalSection(ExtensibilityGlobals) = postSolution
		SolutionGuid = {B6AF0D7B-0F5D-4A8A-B8B2-E8CBECA30B31}
	EndGlobalSection
EndGlobal
